// !$*UTF8*$!
{
	archiveVersion = 1;
	classes = {
	};
	objectVersion = 50;
	objects = {

/* Begin PBXBuildFile section */
		102A035120FE3E3C00B47CEA /* QuestMerkleTree.swift in Sources */ = {isa = PBXBuildFile; fileRef = 102A035020FE3E3C00B47CEA /* QuestMerkleTree.swift */; };
		102A035320FE4CDE00B47CEA /* MerkleTree.swift in Sources */ = {isa = PBXBuildFile; fileRef = 102A035220FE4CDE00B47CEA /* MerkleTree.swift */; };
		1098FD1321026E0000E76682 /* AsynchronousOperation.swift in Sources */ = {isa = PBXBuildFile; fileRef = 1098FD1221026E0000E76682 /* AsynchronousOperation.swift */; };
		1098FD1521026E6900E76682 /* SynchronousOperation.swift in Sources */ = {isa = PBXBuildFile; fileRef = 1098FD1421026E6900E76682 /* SynchronousOperation.swift */; };
		1098FD192102729100E76682 /* DownloadBalanceOperation.swift in Sources */ = {isa = PBXBuildFile; fileRef = 1098FD182102729100E76682 /* DownloadBalanceOperation.swift */; };
		1098FD1B2102756900E76682 /* DownloadTransactionCountOperation.swift in Sources */ = {isa = PBXBuildFile; fileRef = 1098FD1A2102756900E76682 /* DownloadTransactionCountOperation.swift */; };
		1098FD1D2102764400E76682 /* DownloadQuestAmountOperation.swift in Sources */ = {isa = PBXBuildFile; fileRef = 1098FD1C2102764400E76682 /* DownloadQuestAmountOperation.swift */; };
		10A106B52100E51300544E0A /* Player+CoreDataClass.swift in Sources */ = {isa = PBXBuildFile; fileRef = 10A106B32100E51200544E0A /* Player+CoreDataClass.swift */; };
		10A106B62100E51300544E0A /* Player+CoreDataProperties.swift in Sources */ = {isa = PBXBuildFile; fileRef = 10A106B42100E51200544E0A /* Player+CoreDataProperties.swift */; };
		10A55FFE21027BF600B85950 /* DownloadQuestOperation.swift in Sources */ = {isa = PBXBuildFile; fileRef = 10A55FFD21027BF600B85950 /* DownloadQuestOperation.swift */; };
		10A560002102882A00B85950 /* UploadQuestOperation.swift in Sources */ = {isa = PBXBuildFile; fileRef = 10A55FFF2102882A00B85950 /* UploadQuestOperation.swift */; };
		10A560022102987D00B85950 /* UploadQuestProofOperation.swift in Sources */ = {isa = PBXBuildFile; fileRef = 10A560012102987D00B85950 /* UploadQuestProofOperation.swift */; };
		10A5600421037AB600B85950 /* DownloadQuestIsClaimerOperation.swift in Sources */ = {isa = PBXBuildFile; fileRef = 10A5600321037AB600B85950 /* DownloadQuestIsClaimerOperation.swift */; };
		10A5600621037DF800B85950 /* DownloadQuestIsWinnerOperation.swift in Sources */ = {isa = PBXBuildFile; fileRef = 10A5600521037DF800B85950 /* DownloadQuestIsWinnerOperation.swift */; };
		10A5600821037FE800B85950 /* UploadQuestEstimateOperation.swift in Sources */ = {isa = PBXBuildFile; fileRef = 10A5600721037FE800B85950 /* UploadQuestEstimateOperation.swift */; };
		10A5600A21037FF700B85950 /* UploadQuestProofEstimateOperation.swift in Sources */ = {isa = PBXBuildFile; fileRef = 10A5600921037FF700B85950 /* UploadQuestProofEstimateOperation.swift */; };
		10A5600E21038B2600B85950 /* DownloadEthUsdPriceOperation.swift in Sources */ = {isa = PBXBuildFile; fileRef = 10A5600D21038B2600B85950 /* DownloadEthUsdPriceOperation.swift */; };
		10A560122104DA3600B85950 /* QuestMerkleTreeTests.swift in Sources */ = {isa = PBXBuildFile; fileRef = 10A560112104DA3600B85950 /* QuestMerkleTreeTests.swift */; };
		63091D7C20E126A5002253E5 /* QuestingViewController.swift in Sources */ = {isa = PBXBuildFile; fileRef = 63091D7B20E126A5002253E5 /* QuestingViewController.swift */; };
		63091D7E20E13546002253E5 /* NewWalletViewController.swift in Sources */ = {isa = PBXBuildFile; fileRef = 63091D7D20E13546002253E5 /* NewWalletViewController.swift */; };
		63091D8020E3D48C002253E5 /* QuestCollectionViewCell.swift in Sources */ = {isa = PBXBuildFile; fileRef = 63091D7F20E3D48C002253E5 /* QuestCollectionViewCell.swift */; };
		63091D8220E3FB7B002253E5 /* CompleteQuestViewController.swift in Sources */ = {isa = PBXBuildFile; fileRef = 63091D8120E3FB7A002253E5 /* CompleteQuestViewController.swift */; };
		63091D8420EA7920002253E5 /* CreateQuestViewController.swift in Sources */ = {isa = PBXBuildFile; fileRef = 63091D8320EA7920002253E5 /* CreateQuestViewController.swift */; };
		6316E9E920FF4FAC00F7C790 /* ProfileViewController.swift in Sources */ = {isa = PBXBuildFile; fileRef = 6316E9E820FF4FAC00F7C790 /* ProfileViewController.swift */; };
		6316E9EB20FF534600F7C790 /* SearchOnboardingViewController.swift in Sources */ = {isa = PBXBuildFile; fileRef = 6316E9EA20FF534600F7C790 /* SearchOnboardingViewController.swift */; };
		6316E9ED20FF535400F7C790 /* FindOnboardingViewController.swift in Sources */ = {isa = PBXBuildFile; fileRef = 6316E9EC20FF535400F7C790 /* FindOnboardingViewController.swift */; };
		6316E9EF20FF538500F7C790 /* ClaimOnboardingViewController.swift in Sources */ = {isa = PBXBuildFile; fileRef = 6316E9EE20FF538500F7C790 /* ClaimOnboardingViewController.swift */; };
		6333170520D9990B0063D856 /* AppDelegate.swift in Sources */ = {isa = PBXBuildFile; fileRef = 6333170420D9990B0063D856 /* AppDelegate.swift */; };
		6333170A20D9990B0063D856 /* Main.storyboard in Resources */ = {isa = PBXBuildFile; fileRef = 6333170820D9990B0063D856 /* Main.storyboard */; };
		6333170C20D9990D0063D856 /* Assets.xcassets in Resources */ = {isa = PBXBuildFile; fileRef = 6333170B20D9990D0063D856 /* Assets.xcassets */; };
		6333170F20D9990D0063D856 /* LaunchScreen.storyboard in Resources */ = {isa = PBXBuildFile; fileRef = 6333170D20D9990D0063D856 /* LaunchScreen.storyboard */; };
		6333171A20D9990D0063D856 /* banano_questTests.swift in Sources */ = {isa = PBXBuildFile; fileRef = 6333171920D9990D0063D856 /* banano_questTests.swift */; };
		6333172520D9990D0063D856 /* banano_questUITests.swift in Sources */ = {isa = PBXBuildFile; fileRef = 6333172420D9990D0063D856 /* banano_questUITests.swift */; };
		635F8A9420DD50C3008BA94E /* Profile.storyboard in Resources */ = {isa = PBXBuildFile; fileRef = 635F8A9320DD50C3008BA94E /* Profile.storyboard */; };
		635F8A9620DD50CC008BA94E /* Help.storyboard in Resources */ = {isa = PBXBuildFile; fileRef = 635F8A9520DD50CC008BA94E /* Help.storyboard */; };
		635F8A9820DD50D6008BA94E /* Questing.storyboard in Resources */ = {isa = PBXBuildFile; fileRef = 635F8A9720DD50D6008BA94E /* Questing.storyboard */; };
		635F8A9A20DD50E1008BA94E /* CreateQuest.storyboard in Resources */ = {isa = PBXBuildFile; fileRef = 635F8A9920DD50E1008BA94E /* CreateQuest.storyboard */; };
		635F8A9C20DD590B008BA94E /* LandingViewController.swift in Sources */ = {isa = PBXBuildFile; fileRef = 635F8A9B20DD590B008BA94E /* LandingViewController.swift */; };
		637C03EC20EFB8BD002D4652 /* ContainerViewController.swift in Sources */ = {isa = PBXBuildFile; fileRef = 637C03EB20EFB8BD002D4652 /* ContainerViewController.swift */; };
		637C03EE20EFC0A2002D4652 /* MenuViewController.swift in Sources */ = {isa = PBXBuildFile; fileRef = 637C03ED20EFC0A2002D4652 /* MenuViewController.swift */; };
		637C03F220F50374002D4652 /* ColorPickerViewController.swift in Sources */ = {isa = PBXBuildFile; fileRef = 637C03F120F50374002D4652 /* ColorPickerViewController.swift */; };
		9BE76E8FF0B142FCA28771F6 /* Pods_banano_quest.framework in Frameworks */ = {isa = PBXBuildFile; fileRef = 5F31C7DBEB8D536175528B49 /* Pods_banano_quest.framework */; };
		C5338BD320FA861D004923D0 /* DebugUtil.swift in Sources */ = {isa = PBXBuildFile; fileRef = C5338BD220FA861D004923D0 /* DebugUtil.swift */; };
		C535221A20E13B41009745AC /* Networking.swift in Sources */ = {isa = PBXBuildFile; fileRef = C535221920E13B41009745AC /* Networking.swift */; };
		C535221C20E13B72009745AC /* BananoQuest.swift in Sources */ = {isa = PBXBuildFile; fileRef = C535221B20E13B72009745AC /* BananoQuest.swift */; };
		C53B586020FFDC390062BD64 /* CreateQuestMapViewController.swift in Sources */ = {isa = PBXBuildFile; fileRef = C53B585F20FFDC390062BD64 /* CreateQuestMapViewController.swift */; };
		C572CFBD20EF920B009428C2 /* UIViewController+extension.swift in Sources */ = {isa = PBXBuildFile; fileRef = C572CFBC20EF920B009428C2 /* UIViewController+extension.swift */; };
		C5DF9B0520E3E89C00B8D170 /* QuestDownloadParsing.swift in Sources */ = {isa = PBXBuildFile; fileRef = C5DF9B0420E3E89C00B8D170 /* QuestDownloadParsing.swift */; };
		C5F50A9120ED4FB0005BAF9F /* BaseUtil.swift in Sources */ = {isa = PBXBuildFile; fileRef = C5F50A9020ED4FB0005BAF9F /* BaseUtil.swift */; };
		C5FAB66420E17B8900057041 /* BananoQuest.xcdatamodeld in Sources */ = {isa = PBXBuildFile; fileRef = C5FAB66220E17B8900057041 /* BananoQuest.xcdatamodeld */; };
		C5FAB66B20E2B4FD00057041 /* Quest+CoreDataClass.swift in Sources */ = {isa = PBXBuildFile; fileRef = C5FAB66520E2B4FD00057041 /* Quest+CoreDataClass.swift */; };
		C5FAB66C20E2B4FD00057041 /* Quest+CoreDataProperties.swift in Sources */ = {isa = PBXBuildFile; fileRef = C5FAB66620E2B4FD00057041 /* Quest+CoreDataProperties.swift */; };
		C5FAB66D20E2B4FD00057041 /* Winners+CoreDataClass.swift in Sources */ = {isa = PBXBuildFile; fileRef = C5FAB66720E2B4FD00057041 /* Winners+CoreDataClass.swift */; };
		C5FAB66E20E2B4FD00057041 /* Winners+CoreDataProperties.swift in Sources */ = {isa = PBXBuildFile; fileRef = C5FAB66820E2B4FD00057041 /* Winners+CoreDataProperties.swift */; };
		C5FAB66F20E2B4FD00057041 /* Metadata+CoreDataClass.swift in Sources */ = {isa = PBXBuildFile; fileRef = C5FAB66920E2B4FD00057041 /* Metadata+CoreDataClass.swift */; };
		C5FAB67020E2B4FD00057041 /* Metadata+CoreDataProperties.swift in Sources */ = {isa = PBXBuildFile; fileRef = C5FAB66A20E2B4FD00057041 /* Metadata+CoreDataProperties.swift */; };
		F1E89049C4353DE45B6C20AF /* Pods_banano_questTests.framework in Frameworks */ = {isa = PBXBuildFile; fileRef = EF5CAD64505A83D7F0AF59EA /* Pods_banano_questTests.framework */; };
		F9CC122E6D9CAD1B8AB3A822 /* Pods_banano_questUITests.framework in Frameworks */ = {isa = PBXBuildFile; fileRef = 8107D9C5769F10E6C4459743 /* Pods_banano_questUITests.framework */; };
/* End PBXBuildFile section */

/* Begin PBXContainerItemProxy section */
		6333171620D9990D0063D856 /* PBXContainerItemProxy */ = {
			isa = PBXContainerItemProxy;
			containerPortal = 633316F920D9990B0063D856 /* Project object */;
			proxyType = 1;
			remoteGlobalIDString = 6333170020D9990B0063D856;
			remoteInfo = "banano-quest";
		};
		6333172120D9990D0063D856 /* PBXContainerItemProxy */ = {
			isa = PBXContainerItemProxy;
			containerPortal = 633316F920D9990B0063D856 /* Project object */;
			proxyType = 1;
			remoteGlobalIDString = 6333170020D9990B0063D856;
			remoteInfo = "banano-quest";
		};
/* End PBXContainerItemProxy section */

/* Begin PBXFileReference section */
		102A035020FE3E3C00B47CEA /* QuestMerkleTree.swift */ = {isa = PBXFileReference; lastKnownFileType = sourcecode.swift; path = QuestMerkleTree.swift; sourceTree = "<group>"; };
		102A035220FE4CDE00B47CEA /* MerkleTree.swift */ = {isa = PBXFileReference; lastKnownFileType = sourcecode.swift; path = MerkleTree.swift; sourceTree = "<group>"; };
		1098FD1221026E0000E76682 /* AsynchronousOperation.swift */ = {isa = PBXFileReference; lastKnownFileType = sourcecode.swift; path = AsynchronousOperation.swift; sourceTree = "<group>"; };
		1098FD1421026E6900E76682 /* SynchronousOperation.swift */ = {isa = PBXFileReference; lastKnownFileType = sourcecode.swift; path = SynchronousOperation.swift; sourceTree = "<group>"; };
		1098FD182102729100E76682 /* DownloadBalanceOperation.swift */ = {isa = PBXFileReference; lastKnownFileType = sourcecode.swift; path = DownloadBalanceOperation.swift; sourceTree = "<group>"; };
		1098FD1A2102756900E76682 /* DownloadTransactionCountOperation.swift */ = {isa = PBXFileReference; lastKnownFileType = sourcecode.swift; path = DownloadTransactionCountOperation.swift; sourceTree = "<group>"; };
		1098FD1C2102764400E76682 /* DownloadQuestAmountOperation.swift */ = {isa = PBXFileReference; lastKnownFileType = sourcecode.swift; path = DownloadQuestAmountOperation.swift; sourceTree = "<group>"; };
		10A106B32100E51200544E0A /* Player+CoreDataClass.swift */ = {isa = PBXFileReference; lastKnownFileType = sourcecode.swift; name = "Player+CoreDataClass.swift"; path = "/Users/luyzdeleon/current_projects/banano-quest/banano-quest/banano-quest/Models/Player+CoreDataClass.swift"; sourceTree = "<absolute>"; };
		10A106B42100E51200544E0A /* Player+CoreDataProperties.swift */ = {isa = PBXFileReference; lastKnownFileType = sourcecode.swift; name = "Player+CoreDataProperties.swift"; path = "/Users/luyzdeleon/current_projects/banano-quest/banano-quest/banano-quest/Models/Player+CoreDataProperties.swift"; sourceTree = "<absolute>"; };
		10A55FFD21027BF600B85950 /* DownloadQuestOperation.swift */ = {isa = PBXFileReference; lastKnownFileType = sourcecode.swift; path = DownloadQuestOperation.swift; sourceTree = "<group>"; };
		10A55FFF2102882A00B85950 /* UploadQuestOperation.swift */ = {isa = PBXFileReference; lastKnownFileType = sourcecode.swift; path = UploadQuestOperation.swift; sourceTree = "<group>"; };
		10A560012102987D00B85950 /* UploadQuestProofOperation.swift */ = {isa = PBXFileReference; lastKnownFileType = sourcecode.swift; path = UploadQuestProofOperation.swift; sourceTree = "<group>"; };
		10A5600321037AB600B85950 /* DownloadQuestIsClaimerOperation.swift */ = {isa = PBXFileReference; lastKnownFileType = sourcecode.swift; path = DownloadQuestIsClaimerOperation.swift; sourceTree = "<group>"; };
		10A5600521037DF800B85950 /* DownloadQuestIsWinnerOperation.swift */ = {isa = PBXFileReference; lastKnownFileType = sourcecode.swift; path = DownloadQuestIsWinnerOperation.swift; sourceTree = "<group>"; };
		10A5600721037FE800B85950 /* UploadQuestEstimateOperation.swift */ = {isa = PBXFileReference; lastKnownFileType = sourcecode.swift; path = UploadQuestEstimateOperation.swift; sourceTree = "<group>"; };
		10A5600921037FF700B85950 /* UploadQuestProofEstimateOperation.swift */ = {isa = PBXFileReference; lastKnownFileType = sourcecode.swift; path = UploadQuestProofEstimateOperation.swift; sourceTree = "<group>"; };
		10A5600D21038B2600B85950 /* DownloadEthUsdPriceOperation.swift */ = {isa = PBXFileReference; lastKnownFileType = sourcecode.swift; path = DownloadEthUsdPriceOperation.swift; sourceTree = "<group>"; };
		10A560112104DA3600B85950 /* QuestMerkleTreeTests.swift */ = {isa = PBXFileReference; lastKnownFileType = sourcecode.swift; path = QuestMerkleTreeTests.swift; sourceTree = "<group>"; };
		3D95C478E7E2C26BC8DC176B /* Pods-banano-quest.debug.xcconfig */ = {isa = PBXFileReference; includeInIndex = 1; lastKnownFileType = text.xcconfig; name = "Pods-banano-quest.debug.xcconfig"; path = "Pods/Target Support Files/Pods-banano-quest/Pods-banano-quest.debug.xcconfig"; sourceTree = "<group>"; };
		581C9BCFFEE1D399B6CD443F /* Pods-banano-questUITests.debug.xcconfig */ = {isa = PBXFileReference; includeInIndex = 1; lastKnownFileType = text.xcconfig; name = "Pods-banano-questUITests.debug.xcconfig"; path = "Pods/Target Support Files/Pods-banano-questUITests/Pods-banano-questUITests.debug.xcconfig"; sourceTree = "<group>"; };
		5F31C7DBEB8D536175528B49 /* Pods_banano_quest.framework */ = {isa = PBXFileReference; explicitFileType = wrapper.framework; includeInIndex = 0; path = Pods_banano_quest.framework; sourceTree = BUILT_PRODUCTS_DIR; };
		63091D7B20E126A5002253E5 /* QuestingViewController.swift */ = {isa = PBXFileReference; lastKnownFileType = sourcecode.swift; path = QuestingViewController.swift; sourceTree = "<group>"; };
		63091D7D20E13546002253E5 /* NewWalletViewController.swift */ = {isa = PBXFileReference; lastKnownFileType = sourcecode.swift; path = NewWalletViewController.swift; sourceTree = "<group>"; };
		63091D7F20E3D48C002253E5 /* QuestCollectionViewCell.swift */ = {isa = PBXFileReference; lastKnownFileType = sourcecode.swift; path = QuestCollectionViewCell.swift; sourceTree = "<group>"; };
		63091D8120E3FB7A002253E5 /* CompleteQuestViewController.swift */ = {isa = PBXFileReference; lastKnownFileType = sourcecode.swift; path = CompleteQuestViewController.swift; sourceTree = "<group>"; };
		63091D8320EA7920002253E5 /* CreateQuestViewController.swift */ = {isa = PBXFileReference; lastKnownFileType = sourcecode.swift; path = CreateQuestViewController.swift; sourceTree = "<group>"; };
		6316E9E820FF4FAC00F7C790 /* ProfileViewController.swift */ = {isa = PBXFileReference; lastKnownFileType = sourcecode.swift; path = ProfileViewController.swift; sourceTree = "<group>"; };
		6316E9EA20FF534600F7C790 /* SearchOnboardingViewController.swift */ = {isa = PBXFileReference; lastKnownFileType = sourcecode.swift; path = SearchOnboardingViewController.swift; sourceTree = "<group>"; };
		6316E9EC20FF535400F7C790 /* FindOnboardingViewController.swift */ = {isa = PBXFileReference; lastKnownFileType = sourcecode.swift; path = FindOnboardingViewController.swift; sourceTree = "<group>"; };
		6316E9EE20FF538500F7C790 /* ClaimOnboardingViewController.swift */ = {isa = PBXFileReference; lastKnownFileType = sourcecode.swift; path = ClaimOnboardingViewController.swift; sourceTree = "<group>"; };
		6333170120D9990B0063D856 /* banano-quest.app */ = {isa = PBXFileReference; explicitFileType = wrapper.application; includeInIndex = 0; path = "banano-quest.app"; sourceTree = BUILT_PRODUCTS_DIR; };
		6333170420D9990B0063D856 /* AppDelegate.swift */ = {isa = PBXFileReference; lastKnownFileType = sourcecode.swift; path = AppDelegate.swift; sourceTree = "<group>"; };
		6333170920D9990B0063D856 /* Base */ = {isa = PBXFileReference; lastKnownFileType = file.storyboard; name = Base; path = Base.lproj/Main.storyboard; sourceTree = "<group>"; };
		6333170B20D9990D0063D856 /* Assets.xcassets */ = {isa = PBXFileReference; lastKnownFileType = folder.assetcatalog; path = Assets.xcassets; sourceTree = "<group>"; };
		6333170E20D9990D0063D856 /* Base */ = {isa = PBXFileReference; lastKnownFileType = file.storyboard; name = Base; path = Base.lproj/LaunchScreen.storyboard; sourceTree = "<group>"; };
		6333171020D9990D0063D856 /* Info.plist */ = {isa = PBXFileReference; lastKnownFileType = text.plist.xml; path = Info.plist; sourceTree = "<group>"; };
		6333171520D9990D0063D856 /* banano-questTests.xctest */ = {isa = PBXFileReference; explicitFileType = wrapper.cfbundle; includeInIndex = 0; path = "banano-questTests.xctest"; sourceTree = BUILT_PRODUCTS_DIR; };
		6333171920D9990D0063D856 /* banano_questTests.swift */ = {isa = PBXFileReference; lastKnownFileType = sourcecode.swift; path = banano_questTests.swift; sourceTree = "<group>"; };
		6333171B20D9990D0063D856 /* Info.plist */ = {isa = PBXFileReference; lastKnownFileType = text.plist.xml; path = Info.plist; sourceTree = "<group>"; };
		6333172020D9990D0063D856 /* banano-questUITests.xctest */ = {isa = PBXFileReference; explicitFileType = wrapper.cfbundle; includeInIndex = 0; path = "banano-questUITests.xctest"; sourceTree = BUILT_PRODUCTS_DIR; };
		6333172420D9990D0063D856 /* banano_questUITests.swift */ = {isa = PBXFileReference; lastKnownFileType = sourcecode.swift; path = banano_questUITests.swift; sourceTree = "<group>"; };
		6333172620D9990D0063D856 /* Info.plist */ = {isa = PBXFileReference; lastKnownFileType = text.plist.xml; path = Info.plist; sourceTree = "<group>"; };
		635F8A9320DD50C3008BA94E /* Profile.storyboard */ = {isa = PBXFileReference; lastKnownFileType = file.storyboard; path = Profile.storyboard; sourceTree = "<group>"; };
		635F8A9520DD50CC008BA94E /* Help.storyboard */ = {isa = PBXFileReference; lastKnownFileType = file.storyboard; path = Help.storyboard; sourceTree = "<group>"; };
		635F8A9720DD50D6008BA94E /* Questing.storyboard */ = {isa = PBXFileReference; lastKnownFileType = file.storyboard; path = Questing.storyboard; sourceTree = "<group>"; };
		635F8A9920DD50E1008BA94E /* CreateQuest.storyboard */ = {isa = PBXFileReference; lastKnownFileType = file.storyboard; path = CreateQuest.storyboard; sourceTree = "<group>"; };
		635F8A9B20DD590B008BA94E /* LandingViewController.swift */ = {isa = PBXFileReference; lastKnownFileType = sourcecode.swift; path = LandingViewController.swift; sourceTree = "<group>"; };
		637C03EB20EFB8BD002D4652 /* ContainerViewController.swift */ = {isa = PBXFileReference; lastKnownFileType = sourcecode.swift; path = ContainerViewController.swift; sourceTree = "<group>"; };
		637C03ED20EFC0A2002D4652 /* MenuViewController.swift */ = {isa = PBXFileReference; lastKnownFileType = sourcecode.swift; path = MenuViewController.swift; sourceTree = "<group>"; };
		637C03F120F50374002D4652 /* ColorPickerViewController.swift */ = {isa = PBXFileReference; lastKnownFileType = sourcecode.swift; path = ColorPickerViewController.swift; sourceTree = "<group>"; };
		7DD1DAF199528BC137A9ECE3 /* Pods-banano-questTests.release.xcconfig */ = {isa = PBXFileReference; includeInIndex = 1; lastKnownFileType = text.xcconfig; name = "Pods-banano-questTests.release.xcconfig"; path = "Pods/Target Support Files/Pods-banano-questTests/Pods-banano-questTests.release.xcconfig"; sourceTree = "<group>"; };
		8107D9C5769F10E6C4459743 /* Pods_banano_questUITests.framework */ = {isa = PBXFileReference; explicitFileType = wrapper.framework; includeInIndex = 0; path = Pods_banano_questUITests.framework; sourceTree = BUILT_PRODUCTS_DIR; };
		A680A22957A731ACB3BB75BC /* Pods-banano-quest.release.xcconfig */ = {isa = PBXFileReference; includeInIndex = 1; lastKnownFileType = text.xcconfig; name = "Pods-banano-quest.release.xcconfig"; path = "Pods/Target Support Files/Pods-banano-quest/Pods-banano-quest.release.xcconfig"; sourceTree = "<group>"; };
		BF51D8A915598C85A2C55503 /* Pods-banano-questUITests.release.xcconfig */ = {isa = PBXFileReference; includeInIndex = 1; lastKnownFileType = text.xcconfig; name = "Pods-banano-questUITests.release.xcconfig"; path = "Pods/Target Support Files/Pods-banano-questUITests/Pods-banano-questUITests.release.xcconfig"; sourceTree = "<group>"; };
		C28BAABF78BB4019A5874A1D /* Pods-banano-questTests.debug.xcconfig */ = {isa = PBXFileReference; includeInIndex = 1; lastKnownFileType = text.xcconfig; name = "Pods-banano-questTests.debug.xcconfig"; path = "Pods/Target Support Files/Pods-banano-questTests/Pods-banano-questTests.debug.xcconfig"; sourceTree = "<group>"; };
		C5338BD220FA861D004923D0 /* DebugUtil.swift */ = {isa = PBXFileReference; lastKnownFileType = sourcecode.swift; path = DebugUtil.swift; sourceTree = "<group>"; };
		C535221920E13B41009745AC /* Networking.swift */ = {isa = PBXFileReference; lastKnownFileType = sourcecode.swift; path = Networking.swift; sourceTree = "<group>"; };
		C535221B20E13B72009745AC /* BananoQuest.swift */ = {isa = PBXFileReference; lastKnownFileType = sourcecode.swift; path = BananoQuest.swift; sourceTree = "<group>"; };
		C53B585F20FFDC390062BD64 /* CreateQuestMapViewController.swift */ = {isa = PBXFileReference; lastKnownFileType = sourcecode.swift; path = CreateQuestMapViewController.swift; sourceTree = "<group>"; };
		C572CFBC20EF920B009428C2 /* UIViewController+extension.swift */ = {isa = PBXFileReference; lastKnownFileType = sourcecode.swift; path = "UIViewController+extension.swift"; sourceTree = "<group>"; };
		C5DF9B0420E3E89C00B8D170 /* QuestDownloadParsing.swift */ = {isa = PBXFileReference; lastKnownFileType = sourcecode.swift; path = QuestDownloadParsing.swift; sourceTree = "<group>"; };
		C5F50A9020ED4FB0005BAF9F /* BaseUtil.swift */ = {isa = PBXFileReference; lastKnownFileType = sourcecode.swift; path = BaseUtil.swift; sourceTree = "<group>"; };
		C5FAB66320E17B8900057041 /* BananoQuest.xcdatamodel */ = {isa = PBXFileReference; lastKnownFileType = wrapper.xcdatamodel; path = BananoQuest.xcdatamodel; sourceTree = "<group>"; };
		C5FAB66520E2B4FD00057041 /* Quest+CoreDataClass.swift */ = {isa = PBXFileReference; lastKnownFileType = sourcecode.swift; path = "Quest+CoreDataClass.swift"; sourceTree = "<group>"; };
		C5FAB66620E2B4FD00057041 /* Quest+CoreDataProperties.swift */ = {isa = PBXFileReference; lastKnownFileType = sourcecode.swift; path = "Quest+CoreDataProperties.swift"; sourceTree = "<group>"; };
		C5FAB66720E2B4FD00057041 /* Winners+CoreDataClass.swift */ = {isa = PBXFileReference; lastKnownFileType = sourcecode.swift; path = "Winners+CoreDataClass.swift"; sourceTree = "<group>"; };
		C5FAB66820E2B4FD00057041 /* Winners+CoreDataProperties.swift */ = {isa = PBXFileReference; lastKnownFileType = sourcecode.swift; path = "Winners+CoreDataProperties.swift"; sourceTree = "<group>"; };
		C5FAB66920E2B4FD00057041 /* Metadata+CoreDataClass.swift */ = {isa = PBXFileReference; lastKnownFileType = sourcecode.swift; path = "Metadata+CoreDataClass.swift"; sourceTree = "<group>"; };
		C5FAB66A20E2B4FD00057041 /* Metadata+CoreDataProperties.swift */ = {isa = PBXFileReference; lastKnownFileType = sourcecode.swift; path = "Metadata+CoreDataProperties.swift"; sourceTree = "<group>"; };
		EF5CAD64505A83D7F0AF59EA /* Pods_banano_questTests.framework */ = {isa = PBXFileReference; explicitFileType = wrapper.framework; includeInIndex = 0; path = Pods_banano_questTests.framework; sourceTree = BUILT_PRODUCTS_DIR; };
/* End PBXFileReference section */

/* Begin PBXFrameworksBuildPhase section */
		633316FE20D9990B0063D856 /* Frameworks */ = {
			isa = PBXFrameworksBuildPhase;
			buildActionMask = 2147483647;
			files = (
				9BE76E8FF0B142FCA28771F6 /* Pods_banano_quest.framework in Frameworks */,
			);
			runOnlyForDeploymentPostprocessing = 0;
		};
		6333171220D9990D0063D856 /* Frameworks */ = {
			isa = PBXFrameworksBuildPhase;
			buildActionMask = 2147483647;
			files = (
				F1E89049C4353DE45B6C20AF /* Pods_banano_questTests.framework in Frameworks */,
			);
			runOnlyForDeploymentPostprocessing = 0;
		};
		6333171D20D9990D0063D856 /* Frameworks */ = {
			isa = PBXFrameworksBuildPhase;
			buildActionMask = 2147483647;
			files = (
				F9CC122E6D9CAD1B8AB3A822 /* Pods_banano_questUITests.framework in Frameworks */,
			);
			runOnlyForDeploymentPostprocessing = 0;
		};
/* End PBXFrameworksBuildPhase section */

/* Begin PBXGroup section */
		1098FD0F210268A100E76682 /* Operations */ = {
			isa = PBXGroup;
			children = (
				1098FD172102718100E76682 /* Synchronous */,
				1098FD162102717900E76682 /* Asynchronous */,
				1098FD1221026E0000E76682 /* AsynchronousOperation.swift */,
				1098FD1421026E6900E76682 /* SynchronousOperation.swift */,
			);
			path = Operations;
			sourceTree = "<group>";
		};
		1098FD162102717900E76682 /* Asynchronous */ = {
			isa = PBXGroup;
			children = (
				10A5600C210387DE00B85950 /* Upload */,
				10A5600B210387D600B85950 /* Download */,
			);
			path = Asynchronous;
			sourceTree = "<group>";
		};
		1098FD172102718100E76682 /* Synchronous */ = {
			isa = PBXGroup;
			children = (
			);
			path = Synchronous;
			sourceTree = "<group>";
		};
		10A5600B210387D600B85950 /* Download */ = {
			isa = PBXGroup;
			children = (
				1098FD182102729100E76682 /* DownloadBalanceOperation.swift */,
				1098FD1A2102756900E76682 /* DownloadTransactionCountOperation.swift */,
				1098FD1C2102764400E76682 /* DownloadQuestAmountOperation.swift */,
				10A55FFD21027BF600B85950 /* DownloadQuestOperation.swift */,
				10A5600321037AB600B85950 /* DownloadQuestIsClaimerOperation.swift */,
				10A5600521037DF800B85950 /* DownloadQuestIsWinnerOperation.swift */,
				10A5600D21038B2600B85950 /* DownloadEthUsdPriceOperation.swift */,
			);
			path = Download;
			sourceTree = "<group>";
		};
		10A5600C210387DE00B85950 /* Upload */ = {
			isa = PBXGroup;
			children = (
				10A55FFF2102882A00B85950 /* UploadQuestOperation.swift */,
				10A560012102987D00B85950 /* UploadQuestProofOperation.swift */,
				10A5600721037FE800B85950 /* UploadQuestEstimateOperation.swift */,
				10A5600921037FF700B85950 /* UploadQuestProofEstimateOperation.swift */,
			);
			path = Upload;
			sourceTree = "<group>";
		};
		15E2013A40EA654723D98AEE /* Frameworks */ = {
			isa = PBXGroup;
			children = (
				5F31C7DBEB8D536175528B49 /* Pods_banano_quest.framework */,
				EF5CAD64505A83D7F0AF59EA /* Pods_banano_questTests.framework */,
				8107D9C5769F10E6C4459743 /* Pods_banano_questUITests.framework */,
			);
			name = Frameworks;
			sourceTree = "<group>";
		};
		49B658A0E40EE60B0F5F061A /* Pods */ = {
			isa = PBXGroup;
			children = (
				3D95C478E7E2C26BC8DC176B /* Pods-banano-quest.debug.xcconfig */,
				A680A22957A731ACB3BB75BC /* Pods-banano-quest.release.xcconfig */,
				C28BAABF78BB4019A5874A1D /* Pods-banano-questTests.debug.xcconfig */,
				7DD1DAF199528BC137A9ECE3 /* Pods-banano-questTests.release.xcconfig */,
				581C9BCFFEE1D399B6CD443F /* Pods-banano-questUITests.debug.xcconfig */,
				BF51D8A915598C85A2C55503 /* Pods-banano-questUITests.release.xcconfig */,
			);
			name = Pods;
			sourceTree = "<group>";
		};
		63091D7A20E1268A002253E5 /* ViewControllers */ = {
			isa = PBXGroup;
			children = (
				635F8A9B20DD590B008BA94E /* LandingViewController.swift */,
				63091D7D20E13546002253E5 /* NewWalletViewController.swift */,
				63091D7B20E126A5002253E5 /* QuestingViewController.swift */,
				63091D8120E3FB7A002253E5 /* CompleteQuestViewController.swift */,
				63091D8320EA7920002253E5 /* CreateQuestViewController.swift */,
				637C03ED20EFC0A2002D4652 /* MenuViewController.swift */,
				637C03EB20EFB8BD002D4652 /* ContainerViewController.swift */,
				637C03F120F50374002D4652 /* ColorPickerViewController.swift */,
				6316E9E820FF4FAC00F7C790 /* ProfileViewController.swift */,
				6316E9EA20FF534600F7C790 /* SearchOnboardingViewController.swift */,
				6316E9EC20FF535400F7C790 /* FindOnboardingViewController.swift */,
				6316E9EE20FF538500F7C790 /* ClaimOnboardingViewController.swift */,
				C53B585F20FFDC390062BD64 /* CreateQuestMapViewController.swift */,
			);
			path = ViewControllers;
			sourceTree = "<group>";
		};
		633316F820D9990B0063D856 = {
			isa = PBXGroup;
			children = (
				6333170320D9990B0063D856 /* banano-quest */,
				6333171820D9990D0063D856 /* banano-questTests */,
				6333172320D9990D0063D856 /* banano-questUITests */,
				6333170220D9990B0063D856 /* Products */,
				49B658A0E40EE60B0F5F061A /* Pods */,
				15E2013A40EA654723D98AEE /* Frameworks */,
			);
			sourceTree = "<group>";
		};
		6333170220D9990B0063D856 /* Products */ = {
			isa = PBXGroup;
			children = (
				6333170120D9990B0063D856 /* banano-quest.app */,
				6333171520D9990D0063D856 /* banano-questTests.xctest */,
				6333172020D9990D0063D856 /* banano-questUITests.xctest */,
			);
			name = Products;
			sourceTree = "<group>";
		};
		6333170320D9990B0063D856 /* banano-quest */ = {
			isa = PBXGroup;
			children = (
				1098FD0F210268A100E76682 /* Operations */,
				C572CFBE20EFA061009428C2 /* Views */,
				C572CFBB20EF91CC009428C2 /* Extensions */,
				C5FAB66120E17B0000057041 /* Data Models */,
				C535221820E13B2E009745AC /* Utils */,
				C535221520E13AF7009745AC /* Models */,
				63091D7A20E1268A002253E5 /* ViewControllers */,
				635F8A9220DD50A8008BA94E /* Storyboards */,
				6333170420D9990B0063D856 /* AppDelegate.swift */,
				6333170B20D9990D0063D856 /* Assets.xcassets */,
				6333170D20D9990D0063D856 /* LaunchScreen.storyboard */,
				6333171020D9990D0063D856 /* Info.plist */,
			);
			path = "banano-quest";
			sourceTree = "<group>";
		};
		6333171820D9990D0063D856 /* banano-questTests */ = {
			isa = PBXGroup;
			children = (
				6333171920D9990D0063D856 /* banano_questTests.swift */,
				6333171B20D9990D0063D856 /* Info.plist */,
				10A560112104DA3600B85950 /* QuestMerkleTreeTests.swift */,
			);
			path = "banano-questTests";
			sourceTree = "<group>";
		};
		6333172320D9990D0063D856 /* banano-questUITests */ = {
			isa = PBXGroup;
			children = (
				6333172420D9990D0063D856 /* banano_questUITests.swift */,
				6333172620D9990D0063D856 /* Info.plist */,
			);
			path = "banano-questUITests";
			sourceTree = "<group>";
		};
		635F8A9220DD50A8008BA94E /* Storyboards */ = {
			isa = PBXGroup;
			children = (
				6333170820D9990B0063D856 /* Main.storyboard */,
				635F8A9320DD50C3008BA94E /* Profile.storyboard */,
				635F8A9520DD50CC008BA94E /* Help.storyboard */,
				635F8A9720DD50D6008BA94E /* Questing.storyboard */,
				635F8A9920DD50E1008BA94E /* CreateQuest.storyboard */,
			);
			path = Storyboards;
			sourceTree = "<group>";
		};
		C535221520E13AF7009745AC /* Models */ = {
			isa = PBXGroup;
			children = (
				10A106B32100E51200544E0A /* Player+CoreDataClass.swift */,
				10A106B42100E51200544E0A /* Player+CoreDataProperties.swift */,
				C5FAB66520E2B4FD00057041 /* Quest+CoreDataClass.swift */,
				C5FAB66620E2B4FD00057041 /* Quest+CoreDataProperties.swift */,
				C5FAB66720E2B4FD00057041 /* Winners+CoreDataClass.swift */,
				C5FAB66820E2B4FD00057041 /* Winners+CoreDataProperties.swift */,
				C5FAB66920E2B4FD00057041 /* Metadata+CoreDataClass.swift */,
				C5FAB66A20E2B4FD00057041 /* Metadata+CoreDataProperties.swift */,
			);
			path = Models;
			sourceTree = "<group>";
		};
		C535221820E13B2E009745AC /* Utils */ = {
			isa = PBXGroup;
			children = (
				C535221B20E13B72009745AC /* BananoQuest.swift */,
				C535221920E13B41009745AC /* Networking.swift */,
				C5DF9B0420E3E89C00B8D170 /* QuestDownloadParsing.swift */,
				C5F50A9020ED4FB0005BAF9F /* BaseUtil.swift */,
				C5338BD220FA861D004923D0 /* DebugUtil.swift */,
				102A035020FE3E3C00B47CEA /* QuestMerkleTree.swift */,
				102A035220FE4CDE00B47CEA /* MerkleTree.swift */,
			);
			path = Utils;
			sourceTree = "<group>";
		};
		C572CFBB20EF91CC009428C2 /* Extensions */ = {
			isa = PBXGroup;
			children = (
				C572CFBC20EF920B009428C2 /* UIViewController+extension.swift */,
			);
			path = Extensions;
			sourceTree = "<group>";
		};
		C572CFBE20EFA061009428C2 /* Views */ = {
			isa = PBXGroup;
			children = (
				C572CFBF20EFA079009428C2 /* CollectionViewCells */,
			);
			path = Views;
			sourceTree = "<group>";
		};
		C572CFBF20EFA079009428C2 /* CollectionViewCells */ = {
			isa = PBXGroup;
			children = (
				63091D7F20E3D48C002253E5 /* QuestCollectionViewCell.swift */,
			);
			path = CollectionViewCells;
			sourceTree = "<group>";
		};
		C5FAB66120E17B0000057041 /* Data Models */ = {
			isa = PBXGroup;
			children = (
				C5FAB66220E17B8900057041 /* BananoQuest.xcdatamodeld */,
			);
			path = "Data Models";
			sourceTree = "<group>";
		};
/* End PBXGroup section */

/* Begin PBXNativeTarget section */
		6333170020D9990B0063D856 /* banano-quest */ = {
			isa = PBXNativeTarget;
			buildConfigurationList = 6333172920D9990D0063D856 /* Build configuration list for PBXNativeTarget "banano-quest" */;
			buildPhases = (
				C0C150B07AFE6EB8402A7D88 /* [CP] Check Pods Manifest.lock */,
				633316FD20D9990B0063D856 /* Sources */,
				633316FE20D9990B0063D856 /* Frameworks */,
				633316FF20D9990B0063D856 /* Resources */,
				BBE662D35065846F116F7F2F /* [CP] Embed Pods Frameworks */,
			);
			buildRules = (
			);
			dependencies = (
			);
			name = "banano-quest";
			productName = "banano-quest";
			productReference = 6333170120D9990B0063D856 /* banano-quest.app */;
			productType = "com.apple.product-type.application";
		};
		6333171420D9990D0063D856 /* banano-questTests */ = {
			isa = PBXNativeTarget;
			buildConfigurationList = 6333172C20D9990D0063D856 /* Build configuration list for PBXNativeTarget "banano-questTests" */;
			buildPhases = (
				79968290E6740E6D392AC76B /* [CP] Check Pods Manifest.lock */,
				6333171120D9990D0063D856 /* Sources */,
				6333171220D9990D0063D856 /* Frameworks */,
				6333171320D9990D0063D856 /* Resources */,
			);
			buildRules = (
			);
			dependencies = (
				6333171720D9990D0063D856 /* PBXTargetDependency */,
			);
			name = "banano-questTests";
			productName = "banano-questTests";
			productReference = 6333171520D9990D0063D856 /* banano-questTests.xctest */;
			productType = "com.apple.product-type.bundle.unit-test";
		};
		6333171F20D9990D0063D856 /* banano-questUITests */ = {
			isa = PBXNativeTarget;
			buildConfigurationList = 6333172F20D9990D0063D856 /* Build configuration list for PBXNativeTarget "banano-questUITests" */;
			buildPhases = (
				2730320C6EFC476E1CDA9C5E /* [CP] Check Pods Manifest.lock */,
				6333171C20D9990D0063D856 /* Sources */,
				6333171D20D9990D0063D856 /* Frameworks */,
				6333171E20D9990D0063D856 /* Resources */,
			);
			buildRules = (
			);
			dependencies = (
				6333172220D9990D0063D856 /* PBXTargetDependency */,
			);
			name = "banano-questUITests";
			productName = "banano-questUITests";
			productReference = 6333172020D9990D0063D856 /* banano-questUITests.xctest */;
			productType = "com.apple.product-type.bundle.ui-testing";
		};
/* End PBXNativeTarget section */

/* Begin PBXProject section */
		633316F920D9990B0063D856 /* Project object */ = {
			isa = PBXProject;
			attributes = {
				LastSwiftUpdateCheck = 0940;
				LastUpgradeCheck = 0940;
				ORGANIZATIONNAME = "Michael O'Rourke";
				TargetAttributes = {
					6333170020D9990B0063D856 = {
						CreatedOnToolsVersion = 9.4;
					};
					6333171420D9990D0063D856 = {
						CreatedOnToolsVersion = 9.4;
						TestTargetID = 6333170020D9990B0063D856;
					};
					6333171F20D9990D0063D856 = {
						CreatedOnToolsVersion = 9.4;
						TestTargetID = 6333170020D9990B0063D856;
					};
				};
			};
			buildConfigurationList = 633316FC20D9990B0063D856 /* Build configuration list for PBXProject "banano-quest" */;
			compatibilityVersion = "Xcode 9.3";
			developmentRegion = en;
			hasScannedForEncodings = 0;
			knownRegions = (
				en,
				Base,
			);
			mainGroup = 633316F820D9990B0063D856;
			productRefGroup = 6333170220D9990B0063D856 /* Products */;
			projectDirPath = "";
			projectRoot = "";
			targets = (
				6333170020D9990B0063D856 /* banano-quest */,
				6333171420D9990D0063D856 /* banano-questTests */,
				6333171F20D9990D0063D856 /* banano-questUITests */,
			);
		};
/* End PBXProject section */

/* Begin PBXResourcesBuildPhase section */
		633316FF20D9990B0063D856 /* Resources */ = {
			isa = PBXResourcesBuildPhase;
			buildActionMask = 2147483647;
			files = (
				635F8A9820DD50D6008BA94E /* Questing.storyboard in Resources */,
				6333170F20D9990D0063D856 /* LaunchScreen.storyboard in Resources */,
				635F8A9A20DD50E1008BA94E /* CreateQuest.storyboard in Resources */,
				6333170C20D9990D0063D856 /* Assets.xcassets in Resources */,
				635F8A9620DD50CC008BA94E /* Help.storyboard in Resources */,
				635F8A9420DD50C3008BA94E /* Profile.storyboard in Resources */,
				6333170A20D9990B0063D856 /* Main.storyboard in Resources */,
			);
			runOnlyForDeploymentPostprocessing = 0;
		};
		6333171320D9990D0063D856 /* Resources */ = {
			isa = PBXResourcesBuildPhase;
			buildActionMask = 2147483647;
			files = (
			);
			runOnlyForDeploymentPostprocessing = 0;
		};
		6333171E20D9990D0063D856 /* Resources */ = {
			isa = PBXResourcesBuildPhase;
			buildActionMask = 2147483647;
			files = (
			);
			runOnlyForDeploymentPostprocessing = 0;
		};
/* End PBXResourcesBuildPhase section */

/* Begin PBXShellScriptBuildPhase section */
		2730320C6EFC476E1CDA9C5E /* [CP] Check Pods Manifest.lock */ = {
			isa = PBXShellScriptBuildPhase;
			buildActionMask = 2147483647;
			files = (
			);
			inputPaths = (
				"${PODS_PODFILE_DIR_PATH}/Podfile.lock",
				"${PODS_ROOT}/Manifest.lock",
			);
			name = "[CP] Check Pods Manifest.lock";
			outputPaths = (
				"$(DERIVED_FILE_DIR)/Pods-banano-questUITests-checkManifestLockResult.txt",
			);
			runOnlyForDeploymentPostprocessing = 0;
			shellPath = /bin/sh;
			shellScript = "diff \"${PODS_PODFILE_DIR_PATH}/Podfile.lock\" \"${PODS_ROOT}/Manifest.lock\" > /dev/null\nif [ $? != 0 ] ; then\n    # print error to STDERR\n    echo \"error: The sandbox is not in sync with the Podfile.lock. Run 'pod install' or update your CocoaPods installation.\" >&2\n    exit 1\nfi\n# This output is used by Xcode 'outputs' to avoid re-running this script phase.\necho \"SUCCESS\" > \"${SCRIPT_OUTPUT_FILE_0}\"\n";
			showEnvVarsInLog = 0;
		};
		79968290E6740E6D392AC76B /* [CP] Check Pods Manifest.lock */ = {
			isa = PBXShellScriptBuildPhase;
			buildActionMask = 2147483647;
			files = (
			);
			inputPaths = (
				"${PODS_PODFILE_DIR_PATH}/Podfile.lock",
				"${PODS_ROOT}/Manifest.lock",
			);
			name = "[CP] Check Pods Manifest.lock";
			outputPaths = (
				"$(DERIVED_FILE_DIR)/Pods-banano-questTests-checkManifestLockResult.txt",
			);
			runOnlyForDeploymentPostprocessing = 0;
			shellPath = /bin/sh;
			shellScript = "diff \"${PODS_PODFILE_DIR_PATH}/Podfile.lock\" \"${PODS_ROOT}/Manifest.lock\" > /dev/null\nif [ $? != 0 ] ; then\n    # print error to STDERR\n    echo \"error: The sandbox is not in sync with the Podfile.lock. Run 'pod install' or update your CocoaPods installation.\" >&2\n    exit 1\nfi\n# This output is used by Xcode 'outputs' to avoid re-running this script phase.\necho \"SUCCESS\" > \"${SCRIPT_OUTPUT_FILE_0}\"\n";
			showEnvVarsInLog = 0;
		};
		BBE662D35065846F116F7F2F /* [CP] Embed Pods Frameworks */ = {
			isa = PBXShellScriptBuildPhase;
			buildActionMask = 2147483647;
			files = (
			);
			inputPaths = (
				"${SRCROOT}/Pods/Target Support Files/Pods-banano-quest/Pods-banano-quest-frameworks.sh",
				"${BUILT_PRODUCTS_DIR}/BigInt/BigInt.framework",
				"${BUILT_PRODUCTS_DIR}/CryptoSwift/CryptoSwift.framework",
				"${BUILT_PRODUCTS_DIR}/FlexColorPicker/FlexColorPicker.framework",
				"${BUILT_PRODUCTS_DIR}/Pocket/Pocket.framework",
				"${BUILT_PRODUCTS_DIR}/PocketEth/PocketEth.framework",
				"${BUILT_PRODUCTS_DIR}/PromiseKit/PromiseKit.framework",
				"${BUILT_PRODUCTS_DIR}/RNCryptor/RNCryptor.framework",
				"${BUILT_PRODUCTS_DIR}/Result/Result.framework",
				"${BUILT_PRODUCTS_DIR}/SidebarOverlay/SidebarOverlay.framework",
				"${BUILT_PRODUCTS_DIR}/SipHash/SipHash.framework",
				"${BUILT_PRODUCTS_DIR}/SwiftKeychainWrapper/SwiftKeychainWrapper.framework",
				"${BUILT_PRODUCTS_DIR}/libsodium/libsodium.framework",
				"${BUILT_PRODUCTS_DIR}/secp256k1_ios/secp256k1_ios.framework",
				"${BUILT_PRODUCTS_DIR}/web3swift/web3swift.framework",
			);
			name = "[CP] Embed Pods Frameworks";
			outputPaths = (
				"${TARGET_BUILD_DIR}/${FRAMEWORKS_FOLDER_PATH}/BigInt.framework",
				"${TARGET_BUILD_DIR}/${FRAMEWORKS_FOLDER_PATH}/CryptoSwift.framework",
				"${TARGET_BUILD_DIR}/${FRAMEWORKS_FOLDER_PATH}/FlexColorPicker.framework",
				"${TARGET_BUILD_DIR}/${FRAMEWORKS_FOLDER_PATH}/Pocket.framework",
				"${TARGET_BUILD_DIR}/${FRAMEWORKS_FOLDER_PATH}/PocketEth.framework",
				"${TARGET_BUILD_DIR}/${FRAMEWORKS_FOLDER_PATH}/PromiseKit.framework",
				"${TARGET_BUILD_DIR}/${FRAMEWORKS_FOLDER_PATH}/RNCryptor.framework",
				"${TARGET_BUILD_DIR}/${FRAMEWORKS_FOLDER_PATH}/Result.framework",
				"${TARGET_BUILD_DIR}/${FRAMEWORKS_FOLDER_PATH}/SidebarOverlay.framework",
				"${TARGET_BUILD_DIR}/${FRAMEWORKS_FOLDER_PATH}/SipHash.framework",
				"${TARGET_BUILD_DIR}/${FRAMEWORKS_FOLDER_PATH}/SwiftKeychainWrapper.framework",
				"${TARGET_BUILD_DIR}/${FRAMEWORKS_FOLDER_PATH}/libsodium.framework",
				"${TARGET_BUILD_DIR}/${FRAMEWORKS_FOLDER_PATH}/secp256k1_ios.framework",
				"${TARGET_BUILD_DIR}/${FRAMEWORKS_FOLDER_PATH}/web3swift.framework",
			);
			runOnlyForDeploymentPostprocessing = 0;
			shellPath = /bin/sh;
			shellScript = "\"${SRCROOT}/Pods/Target Support Files/Pods-banano-quest/Pods-banano-quest-frameworks.sh\"\n";
			showEnvVarsInLog = 0;
		};
		C0C150B07AFE6EB8402A7D88 /* [CP] Check Pods Manifest.lock */ = {
			isa = PBXShellScriptBuildPhase;
			buildActionMask = 2147483647;
			files = (
			);
			inputPaths = (
				"${PODS_PODFILE_DIR_PATH}/Podfile.lock",
				"${PODS_ROOT}/Manifest.lock",
			);
			name = "[CP] Check Pods Manifest.lock";
			outputPaths = (
				"$(DERIVED_FILE_DIR)/Pods-banano-quest-checkManifestLockResult.txt",
			);
			runOnlyForDeploymentPostprocessing = 0;
			shellPath = /bin/sh;
			shellScript = "diff \"${PODS_PODFILE_DIR_PATH}/Podfile.lock\" \"${PODS_ROOT}/Manifest.lock\" > /dev/null\nif [ $? != 0 ] ; then\n    # print error to STDERR\n    echo \"error: The sandbox is not in sync with the Podfile.lock. Run 'pod install' or update your CocoaPods installation.\" >&2\n    exit 1\nfi\n# This output is used by Xcode 'outputs' to avoid re-running this script phase.\necho \"SUCCESS\" > \"${SCRIPT_OUTPUT_FILE_0}\"\n";
			showEnvVarsInLog = 0;
		};
/* End PBXShellScriptBuildPhase section */

/* Begin PBXSourcesBuildPhase section */
		633316FD20D9990B0063D856 /* Sources */ = {
			isa = PBXSourcesBuildPhase;
			buildActionMask = 2147483647;
			files = (
				C5FAB66E20E2B4FD00057041 /* Winners+CoreDataProperties.swift in Sources */,
				C5FAB66D20E2B4FD00057041 /* Winners+CoreDataClass.swift in Sources */,
				637C03EC20EFB8BD002D4652 /* ContainerViewController.swift in Sources */,
				C5F50A9120ED4FB0005BAF9F /* BaseUtil.swift in Sources */,
				637C03F220F50374002D4652 /* ColorPickerViewController.swift in Sources */,
				6316E9EB20FF534600F7C790 /* SearchOnboardingViewController.swift in Sources */,
				10A55FFE21027BF600B85950 /* DownloadQuestOperation.swift in Sources */,
				C535221C20E13B72009745AC /* BananoQuest.swift in Sources */,
				6316E9E920FF4FAC00F7C790 /* ProfileViewController.swift in Sources */,
				6316E9EF20FF538500F7C790 /* ClaimOnboardingViewController.swift in Sources */,
				C5FAB66B20E2B4FD00057041 /* Quest+CoreDataClass.swift in Sources */,
				10A5600421037AB600B85950 /* DownloadQuestIsClaimerOperation.swift in Sources */,
				1098FD192102729100E76682 /* DownloadBalanceOperation.swift in Sources */,
				10A560002102882A00B85950 /* UploadQuestOperation.swift in Sources */,
				C5FAB66420E17B8900057041 /* BananoQuest.xcdatamodeld in Sources */,
				C535221A20E13B41009745AC /* Networking.swift in Sources */,
				C5DF9B0520E3E89C00B8D170 /* QuestDownloadParsing.swift in Sources */,
				6316E9ED20FF535400F7C790 /* FindOnboardingViewController.swift in Sources */,
				102A035120FE3E3C00B47CEA /* QuestMerkleTree.swift in Sources */,
				C572CFBD20EF920B009428C2 /* UIViewController+extension.swift in Sources */,
				1098FD1521026E6900E76682 /* SynchronousOperation.swift in Sources */,
				637C03EE20EFC0A2002D4652 /* MenuViewController.swift in Sources */,
				10A5600821037FE800B85950 /* UploadQuestEstimateOperation.swift in Sources */,
				C5FAB66F20E2B4FD00057041 /* Metadata+CoreDataClass.swift in Sources */,
				102A035320FE4CDE00B47CEA /* MerkleTree.swift in Sources */,
				1098FD1321026E0000E76682 /* AsynchronousOperation.swift in Sources */,
				C5FAB66C20E2B4FD00057041 /* Quest+CoreDataProperties.swift in Sources */,
				63091D8220E3FB7B002253E5 /* CompleteQuestViewController.swift in Sources */,
				10A5600A21037FF700B85950 /* UploadQuestProofEstimateOperation.swift in Sources */,
				1098FD1D2102764400E76682 /* DownloadQuestAmountOperation.swift in Sources */,
				63091D8020E3D48C002253E5 /* QuestCollectionViewCell.swift in Sources */,
				10A5600E21038B2600B85950 /* DownloadEthUsdPriceOperation.swift in Sources */,
				C53B586020FFDC390062BD64 /* CreateQuestMapViewController.swift in Sources */,
				1098FD1B2102756900E76682 /* DownloadTransactionCountOperation.swift in Sources */,
				10A5600621037DF800B85950 /* DownloadQuestIsWinnerOperation.swift in Sources */,
				63091D7E20E13546002253E5 /* NewWalletViewController.swift in Sources */,
				635F8A9C20DD590B008BA94E /* LandingViewController.swift in Sources */,
				10A560022102987D00B85950 /* UploadQuestProofOperation.swift in Sources */,
				63091D7C20E126A5002253E5 /* QuestingViewController.swift in Sources */,
				6333170520D9990B0063D856 /* AppDelegate.swift in Sources */,
				10A106B52100E51300544E0A /* Player+CoreDataClass.swift in Sources */,
				10A106B62100E51300544E0A /* Player+CoreDataProperties.swift in Sources */,
				63091D8420EA7920002253E5 /* CreateQuestViewController.swift in Sources */,
				C5FAB67020E2B4FD00057041 /* Metadata+CoreDataProperties.swift in Sources */,
				C5338BD320FA861D004923D0 /* DebugUtil.swift in Sources */,
			);
			runOnlyForDeploymentPostprocessing = 0;
		};
		6333171120D9990D0063D856 /* Sources */ = {
			isa = PBXSourcesBuildPhase;
			buildActionMask = 2147483647;
			files = (
				6333171A20D9990D0063D856 /* banano_questTests.swift in Sources */,
				10A560122104DA3600B85950 /* QuestMerkleTreeTests.swift in Sources */,
			);
			runOnlyForDeploymentPostprocessing = 0;
		};
		6333171C20D9990D0063D856 /* Sources */ = {
			isa = PBXSourcesBuildPhase;
			buildActionMask = 2147483647;
			files = (
				6333172520D9990D0063D856 /* banano_questUITests.swift in Sources */,
			);
			runOnlyForDeploymentPostprocessing = 0;
		};
/* End PBXSourcesBuildPhase section */

/* Begin PBXTargetDependency section */
		6333171720D9990D0063D856 /* PBXTargetDependency */ = {
			isa = PBXTargetDependency;
			target = 6333170020D9990B0063D856 /* banano-quest */;
			targetProxy = 6333171620D9990D0063D856 /* PBXContainerItemProxy */;
		};
		6333172220D9990D0063D856 /* PBXTargetDependency */ = {
			isa = PBXTargetDependency;
			target = 6333170020D9990B0063D856 /* banano-quest */;
			targetProxy = 6333172120D9990D0063D856 /* PBXContainerItemProxy */;
		};
/* End PBXTargetDependency section */

/* Begin PBXVariantGroup section */
		6333170820D9990B0063D856 /* Main.storyboard */ = {
			isa = PBXVariantGroup;
			children = (
				6333170920D9990B0063D856 /* Base */,
			);
			name = Main.storyboard;
			sourceTree = "<group>";
		};
		6333170D20D9990D0063D856 /* LaunchScreen.storyboard */ = {
			isa = PBXVariantGroup;
			children = (
				6333170E20D9990D0063D856 /* Base */,
			);
			name = LaunchScreen.storyboard;
			sourceTree = "<group>";
		};
/* End PBXVariantGroup section */

/* Begin XCBuildConfiguration section */
		6333172720D9990D0063D856 /* Debug */ = {
			isa = XCBuildConfiguration;
			buildSettings = {
				ALWAYS_SEARCH_USER_PATHS = NO;
				CLANG_ANALYZER_NONNULL = YES;
				CLANG_ANALYZER_NUMBER_OBJECT_CONVERSION = YES_AGGRESSIVE;
				CLANG_CXX_LANGUAGE_STANDARD = "gnu++14";
				CLANG_CXX_LIBRARY = "libc++";
				CLANG_ENABLE_MODULES = YES;
				CLANG_ENABLE_OBJC_ARC = YES;
				CLANG_ENABLE_OBJC_WEAK = YES;
				CLANG_WARN_BLOCK_CAPTURE_AUTORELEASING = YES;
				CLANG_WARN_BOOL_CONVERSION = YES;
				CLANG_WARN_COMMA = YES;
				CLANG_WARN_CONSTANT_CONVERSION = YES;
				CLANG_WARN_DEPRECATED_OBJC_IMPLEMENTATIONS = YES;
				CLANG_WARN_DIRECT_OBJC_ISA_USAGE = YES_ERROR;
				CLANG_WARN_DOCUMENTATION_COMMENTS = YES;
				CLANG_WARN_EMPTY_BODY = YES;
				CLANG_WARN_ENUM_CONVERSION = YES;
				CLANG_WARN_INFINITE_RECURSION = YES;
				CLANG_WARN_INT_CONVERSION = YES;
				CLANG_WARN_NON_LITERAL_NULL_CONVERSION = YES;
				CLANG_WARN_OBJC_IMPLICIT_RETAIN_SELF = YES;
				CLANG_WARN_OBJC_LITERAL_CONVERSION = YES;
				CLANG_WARN_OBJC_ROOT_CLASS = YES_ERROR;
				CLANG_WARN_RANGE_LOOP_ANALYSIS = YES;
				CLANG_WARN_STRICT_PROTOTYPES = YES;
				CLANG_WARN_SUSPICIOUS_MOVE = YES;
				CLANG_WARN_UNGUARDED_AVAILABILITY = YES_AGGRESSIVE;
				CLANG_WARN_UNREACHABLE_CODE = YES;
				CLANG_WARN__DUPLICATE_METHOD_MATCH = YES;
				CODE_SIGN_IDENTITY = "iPhone Developer";
				COPY_PHASE_STRIP = NO;
				DEBUG_INFORMATION_FORMAT = dwarf;
				ENABLE_STRICT_OBJC_MSGSEND = YES;
				ENABLE_TESTABILITY = YES;
				GCC_C_LANGUAGE_STANDARD = gnu11;
				GCC_DYNAMIC_NO_PIC = NO;
				GCC_NO_COMMON_BLOCKS = YES;
				GCC_OPTIMIZATION_LEVEL = 0;
				GCC_PREPROCESSOR_DEFINITIONS = (
					"DEBUG=1",
					"$(inherited)",
				);
				GCC_WARN_64_TO_32_BIT_CONVERSION = YES;
				GCC_WARN_ABOUT_RETURN_TYPE = YES_ERROR;
				GCC_WARN_UNDECLARED_SELECTOR = YES;
				GCC_WARN_UNINITIALIZED_AUTOS = YES_AGGRESSIVE;
				GCC_WARN_UNUSED_FUNCTION = YES;
				GCC_WARN_UNUSED_VARIABLE = YES;
				IPHONEOS_DEPLOYMENT_TARGET = 11.4;
				MTL_ENABLE_DEBUG_INFO = YES;
				ONLY_ACTIVE_ARCH = YES;
				SDKROOT = iphoneos;
				SWIFT_ACTIVE_COMPILATION_CONDITIONS = DEBUG;
				SWIFT_OPTIMIZATION_LEVEL = "-Onone";
			};
			name = Debug;
		};
		6333172820D9990D0063D856 /* Release */ = {
			isa = XCBuildConfiguration;
			buildSettings = {
				ALWAYS_SEARCH_USER_PATHS = NO;
				CLANG_ANALYZER_NONNULL = YES;
				CLANG_ANALYZER_NUMBER_OBJECT_CONVERSION = YES_AGGRESSIVE;
				CLANG_CXX_LANGUAGE_STANDARD = "gnu++14";
				CLANG_CXX_LIBRARY = "libc++";
				CLANG_ENABLE_MODULES = YES;
				CLANG_ENABLE_OBJC_ARC = YES;
				CLANG_ENABLE_OBJC_WEAK = YES;
				CLANG_WARN_BLOCK_CAPTURE_AUTORELEASING = YES;
				CLANG_WARN_BOOL_CONVERSION = YES;
				CLANG_WARN_COMMA = YES;
				CLANG_WARN_CONSTANT_CONVERSION = YES;
				CLANG_WARN_DEPRECATED_OBJC_IMPLEMENTATIONS = YES;
				CLANG_WARN_DIRECT_OBJC_ISA_USAGE = YES_ERROR;
				CLANG_WARN_DOCUMENTATION_COMMENTS = YES;
				CLANG_WARN_EMPTY_BODY = YES;
				CLANG_WARN_ENUM_CONVERSION = YES;
				CLANG_WARN_INFINITE_RECURSION = YES;
				CLANG_WARN_INT_CONVERSION = YES;
				CLANG_WARN_NON_LITERAL_NULL_CONVERSION = YES;
				CLANG_WARN_OBJC_IMPLICIT_RETAIN_SELF = YES;
				CLANG_WARN_OBJC_LITERAL_CONVERSION = YES;
				CLANG_WARN_OBJC_ROOT_CLASS = YES_ERROR;
				CLANG_WARN_RANGE_LOOP_ANALYSIS = YES;
				CLANG_WARN_STRICT_PROTOTYPES = YES;
				CLANG_WARN_SUSPICIOUS_MOVE = YES;
				CLANG_WARN_UNGUARDED_AVAILABILITY = YES_AGGRESSIVE;
				CLANG_WARN_UNREACHABLE_CODE = YES;
				CLANG_WARN__DUPLICATE_METHOD_MATCH = YES;
				CODE_SIGN_IDENTITY = "iPhone Developer";
				COPY_PHASE_STRIP = NO;
				DEBUG_INFORMATION_FORMAT = "dwarf-with-dsym";
				ENABLE_NS_ASSERTIONS = NO;
				ENABLE_STRICT_OBJC_MSGSEND = YES;
				GCC_C_LANGUAGE_STANDARD = gnu11;
				GCC_NO_COMMON_BLOCKS = YES;
				GCC_WARN_64_TO_32_BIT_CONVERSION = YES;
				GCC_WARN_ABOUT_RETURN_TYPE = YES_ERROR;
				GCC_WARN_UNDECLARED_SELECTOR = YES;
				GCC_WARN_UNINITIALIZED_AUTOS = YES_AGGRESSIVE;
				GCC_WARN_UNUSED_FUNCTION = YES;
				GCC_WARN_UNUSED_VARIABLE = YES;
				IPHONEOS_DEPLOYMENT_TARGET = 11.4;
				MTL_ENABLE_DEBUG_INFO = NO;
				SDKROOT = iphoneos;
				SWIFT_COMPILATION_MODE = wholemodule;
				SWIFT_OPTIMIZATION_LEVEL = "-O";
				VALIDATE_PRODUCT = YES;
			};
			name = Release;
		};
		6333172A20D9990D0063D856 /* Debug */ = {
			isa = XCBuildConfiguration;
			baseConfigurationReference = 3D95C478E7E2C26BC8DC176B /* Pods-banano-quest.debug.xcconfig */;
			buildSettings = {
				ASSETCATALOG_COMPILER_APPICON_NAME = AppIcon;
				CODE_SIGN_STYLE = Automatic;
				DEVELOPMENT_TEAM = 379F9842K2;
				INFOPLIST_FILE = "banano-quest/Info.plist";
				LD_RUNPATH_SEARCH_PATHS = (
					"$(inherited)",
					"@executable_path/Frameworks",
				);
				PRODUCT_BUNDLE_IDENTIFIER = "pocket.banano-quest";
				PRODUCT_NAME = "$(TARGET_NAME)";
				SWIFT_VERSION = 4.0;
				TARGETED_DEVICE_FAMILY = "1,2";
			};
			name = Debug;
		};
		6333172B20D9990D0063D856 /* Release */ = {
			isa = XCBuildConfiguration;
			baseConfigurationReference = A680A22957A731ACB3BB75BC /* Pods-banano-quest.release.xcconfig */;
			buildSettings = {
				ASSETCATALOG_COMPILER_APPICON_NAME = AppIcon;
				CODE_SIGN_STYLE = Automatic;
				DEVELOPMENT_TEAM = 379F9842K2;
				INFOPLIST_FILE = "banano-quest/Info.plist";
				LD_RUNPATH_SEARCH_PATHS = (
					"$(inherited)",
					"@executable_path/Frameworks",
				);
				PRODUCT_BUNDLE_IDENTIFIER = "pocket.banano-quest";
				PRODUCT_NAME = "$(TARGET_NAME)";
				SWIFT_VERSION = 4.0;
				TARGETED_DEVICE_FAMILY = "1,2";
			};
			name = Release;
		};
		6333172D20D9990D0063D856 /* Debug */ = {
			isa = XCBuildConfiguration;
			baseConfigurationReference = C28BAABF78BB4019A5874A1D /* Pods-banano-questTests.debug.xcconfig */;
			buildSettings = {
				ALWAYS_EMBED_SWIFT_STANDARD_LIBRARIES = YES;
				BUNDLE_LOADER = "$(TEST_HOST)";
				CODE_SIGN_STYLE = Automatic;
				DEVELOPMENT_TEAM = N824D47ZU5;
				INFOPLIST_FILE = "banano-questTests/Info.plist";
				LD_RUNPATH_SEARCH_PATHS = (
					"$(inherited)",
					"@executable_path/Frameworks",
					"@loader_path/Frameworks",
				);
				PRODUCT_BUNDLE_IDENTIFIER = "pocket.banano-questTests";
				PRODUCT_NAME = "$(TARGET_NAME)";
				SWIFT_VERSION = 4.0;
				TARGETED_DEVICE_FAMILY = "1,2";
				TEST_HOST = "$(BUILT_PRODUCTS_DIR)/banano-quest.app/banano-quest";
			};
			name = Debug;
		};
		6333172E20D9990D0063D856 /* Release */ = {
			isa = XCBuildConfiguration;
			baseConfigurationReference = 7DD1DAF199528BC137A9ECE3 /* Pods-banano-questTests.release.xcconfig */;
			buildSettings = {
				ALWAYS_EMBED_SWIFT_STANDARD_LIBRARIES = YES;
				BUNDLE_LOADER = "$(TEST_HOST)";
				CODE_SIGN_STYLE = Automatic;
				DEVELOPMENT_TEAM = N824D47ZU5;
				INFOPLIST_FILE = "banano-questTests/Info.plist";
				LD_RUNPATH_SEARCH_PATHS = (
					"$(inherited)",
					"@executable_path/Frameworks",
					"@loader_path/Frameworks",
				);
				PRODUCT_BUNDLE_IDENTIFIER = "pocket.banano-questTests";
				PRODUCT_NAME = "$(TARGET_NAME)";
				SWIFT_VERSION = 4.0;
				TARGETED_DEVICE_FAMILY = "1,2";
				TEST_HOST = "$(BUILT_PRODUCTS_DIR)/banano-quest.app/banano-quest";
			};
			name = Release;
		};
		6333173020D9990D0063D856 /* Debug */ = {
			isa = XCBuildConfiguration;
			baseConfigurationReference = 581C9BCFFEE1D399B6CD443F /* Pods-banano-questUITests.debug.xcconfig */;
			buildSettings = {
				ALWAYS_EMBED_SWIFT_STANDARD_LIBRARIES = YES;
				CODE_SIGN_STYLE = Automatic;
				DEVELOPMENT_TEAM = N824D47ZU5;
				INFOPLIST_FILE = "banano-questUITests/Info.plist";
				LD_RUNPATH_SEARCH_PATHS = (
					"$(inherited)",
					"@executable_path/Frameworks",
					"@loader_path/Frameworks",
				);
				PRODUCT_BUNDLE_IDENTIFIER = "pocket.banano-questUITests";
				PRODUCT_NAME = "$(TARGET_NAME)";
				SWIFT_VERSION = 4.0;
				TARGETED_DEVICE_FAMILY = "1,2";
				TEST_TARGET_NAME = "banano-quest";
			};
			name = Debug;
		};
		6333173120D9990D0063D856 /* Release */ = {
			isa = XCBuildConfiguration;
			baseConfigurationReference = BF51D8A915598C85A2C55503 /* Pods-banano-questUITests.release.xcconfig */;
			buildSettings = {
				ALWAYS_EMBED_SWIFT_STANDARD_LIBRARIES = YES;
				CODE_SIGN_STYLE = Automatic;
				DEVELOPMENT_TEAM = N824D47ZU5;
				INFOPLIST_FILE = "banano-questUITests/Info.plist";
				LD_RUNPATH_SEARCH_PATHS = (
					"$(inherited)",
					"@executable_path/Frameworks",
					"@loader_path/Frameworks",
				);
				PRODUCT_BUNDLE_IDENTIFIER = "pocket.banano-questUITests";
				PRODUCT_NAME = "$(TARGET_NAME)";
				SWIFT_VERSION = 4.0;
				TARGETED_DEVICE_FAMILY = "1,2";
				TEST_TARGET_NAME = "banano-quest";
			};
			name = Release;
		};
/* End XCBuildConfiguration section */

/* Begin XCConfigurationList section */
		633316FC20D9990B0063D856 /* Build configuration list for PBXProject "banano-quest" */ = {
			isa = XCConfigurationList;
			buildConfigurations = (
				6333172720D9990D0063D856 /* Debug */,
				6333172820D9990D0063D856 /* Release */,
			);
			defaultConfigurationIsVisible = 0;
			defaultConfigurationName = Release;
		};
		6333172920D9990D0063D856 /* Build configuration list for PBXNativeTarget "banano-quest" */ = {
			isa = XCConfigurationList;
			buildConfigurations = (
				6333172A20D9990D0063D856 /* Debug */,
				6333172B20D9990D0063D856 /* Release */,
			);
			defaultConfigurationIsVisible = 0;
			defaultConfigurationName = Release;
		};
		6333172C20D9990D0063D856 /* Build configuration list for PBXNativeTarget "banano-questTests" */ = {
			isa = XCConfigurationList;
			buildConfigurations = (
				6333172D20D9990D0063D856 /* Debug */,
				6333172E20D9990D0063D856 /* Release */,
			);
			defaultConfigurationIsVisible = 0;
			defaultConfigurationName = Release;
		};
		6333172F20D9990D0063D856 /* Build configuration list for PBXNativeTarget "banano-questUITests" */ = {
			isa = XCConfigurationList;
			buildConfigurations = (
				6333173020D9990D0063D856 /* Debug */,
				6333173120D9990D0063D856 /* Release */,
			);
			defaultConfigurationIsVisible = 0;
			defaultConfigurationName = Release;
		};
/* End XCConfigurationList section */

/* Begin XCVersionGroup section */
		C5FAB66220E17B8900057041 /* BananoQuest.xcdatamodeld */ = {
			isa = XCVersionGroup;
			children = (
				C5FAB66320E17B8900057041 /* BananoQuest.xcdatamodel */,
			);
			currentVersion = C5FAB66320E17B8900057041 /* BananoQuest.xcdatamodel */;
			path = BananoQuest.xcdatamodeld;
			sourceTree = "<group>";
			versionGroupType = wrapper.xcdatamodel;
		};
/* End XCVersionGroup section */
	};
	rootObject = 633316F920D9990B0063D856 /* Project object */;
}
